
Microsoft Visual Studio Solution File, Format Version 12.00
# Visual Studio Version 17
VisualStudioVersion = 17.3.32825.248
MinimumVisualStudioVersion = 10.0.40219.1
Project("{FAE04EC0-301F-11D3-BF4B-00C04F79EFBC}") = "Bonsai.Zyre", "Bonsai.Zyre\Bonsai.Zyre.csproj", "{9DA83270-B272-4818-819C-0E04CE253433}"
EndProject
Global
	GlobalSection(SolutionConfigurationPlatforms) = preSolution
		Debug|Any CPU = Debug|Any CPU
		Release|Any CPU = Release|Any CPU
	EndGlobalSection
	GlobalSection(ProjectConfigurationPlatforms) = postSolution
		{9DA83270-B272-4818-819C-0E04CE253433}.Debug|Any CPU.ActiveCfg = Debug|Any CPU
		{9DA83270-B272-4818-819C-0E04CE253433}.Debug|Any CPU.Build.0 = Debug|Any CPU
		{9DA83270-B272-4818-819C-0E04CE253433}.Release|Any CPU.ActiveCfg = Release|Any CPU
		{9DA83270-B272-4818-819C-0E04CE253433}.Release|Any CPU.Build.0 = Release|Any CPU
	EndGlobalSection
	GlobalSection(SolutionProperties) = preSolution
		HideSolutionNode = FALSE
	EndGlobalSection
	GlobalSection(ExtensibilityGlobals) = postSolution
		SolutionGuid = {3555F6ED-A85C-470D-A0E3-2E80DF5D3561}
	EndGlobalSection
EndGlobal
